{
  "name": "fullnode",
  "version": "0.9.0",
  "dependencies": {
    "aes": {
      "version": "0.1.0",
      "from": "aes@0.1.0",
      "resolved": "https://registry.npmjs.org/aes/-/aes-0.1.0.tgz"
    },
    "bn.js": {
      "version": "2.0.5",
      "from": "bn.js@>=2.0.5 <3.0.0",
      "resolved": "https://registry.npmjs.org/bn.js/-/bn.js-2.0.5.tgz"
    },
    "bs58": {
      "version": "1.2.1",
      "from": "bs58@1.2.1",
      "resolved": "https://registry.npmjs.org/bs58/-/bs58-1.2.1.tgz"
    },
    "elliptic": {
      "version": "3.0.3",
      "from": "elliptic@3.0.3",
      "resolved": "https://registry.npmjs.org/elliptic/-/elliptic-3.0.3.tgz",
      "dependencies": {
        "brorand": {
          "version": "1.0.5",
          "from": "brorand@>=1.0.1 <2.0.0",
          "resolved": "https://registry.npmjs.org/brorand/-/brorand-1.0.5.tgz"
        },
        "inherits": {
          "version": "2.0.1",
          "from": "inherits@>=2.0.1 <3.0.0",
          "resolved": "https://registry.npmjs.org/inherits/-/inherits-2.0.1.tgz"
        }
      }
    },
    "hash.js": {
      "version": "1.0.2",
      "from": "hash.js@1.0.2",
      "resolved": "https://registry.npmjs.org/hash.js/-/hash.js-1.0.2.tgz",
      "dependencies": {
        "inherits": {
          "version": "2.0.1",
          "from": "inherits@>=2.0.1 <3.0.0",
          "resolved": "https://registry.npmjs.org/inherits/-/inherits-2.0.1.tgz"
        }
      }
    },
    "pbkdf2-compat": {
      "version": "4.0.0",
      "from": "pbkdf2-compat@4.0.0",
      "resolved": "https://registry.npmjs.org/pbkdf2-compat/-/pbkdf2-compat-4.0.0.tgz",
      "dependencies": {
        "create-hmac": {
          "version": "1.1.3",
          "from": "create-hmac@>=1.1.2 <2.0.0",
          "resolved": "https://registry.npmjs.org/create-hmac/-/create-hmac-1.1.3.tgz",
          "dependencies": {
            "create-hash": {
              "version": "1.1.1",
              "from": "create-hash@>=1.1.0 <2.0.0",
              "resolved": "https://registry.npmjs.org/create-hash/-/create-hash-1.1.1.tgz",
              "dependencies": {
                "ripemd160": {
                  "version": "1.0.1",
                  "from": "ripemd160@>=1.0.0 <2.0.0",
                  "resolved": "https://registry.npmjs.org/ripemd160/-/ripemd160-1.0.1.tgz"
                },
                "sha.js": {
                  "version": "2.4.0",
                  "from": "sha.js@>=2.3.6 <3.0.0",
                  "resolved": "https://registry.npmjs.org/sha.js/-/sha.js-2.4.0.tgz"
                }
              }
            },
            "inherits": {
              "version": "2.0.1",
              "from": "inherits@>=2.0.1 <3.0.0",
              "resolved": "https://registry.npmjs.org/inherits/-/inherits-2.0.1.tgz"
            }
          }
        }
      }
    },
    "randombytes": {
      "version": "2.0.1",
      "from": "randombytes@>=2.0.1 <3.0.0",
      "resolved": "https://registry.npmjs.org/randombytes/-/randombytes-2.0.1.tgz"
    },
    "unorm": {
      "version": "1.3.3",
      "from": "unorm@1.3.3",
      "resolved": "https://registry.npmjs.org/unorm/-/unorm-1.3.3.tgz"
    }
  }
}
